
Microsoft Visual Studio Solution File, Format Version 12.00
# Visual Studio 15
VisualStudioVersion = 15.0.27428.2037
MinimumVisualStudioVersion = 10.0.40219.1
Project("{FAE04EC0-301F-11D3-BF4B-00C04F79EFBC}") = "WpfMHilfer", "WpfMHilfer.csproj", "{F06B1921-75FA-4F45-9401-8A0F631DAA71}"
EndProject
Project("{FAE04EC0-301F-11D3-BF4B-00C04F79EFBC}") = "test", "test\test.csproj", "{90ABF435-3A18-4C5F-89A9-76DA14DB882E}"
EndProject
Global
	GlobalSection(SolutionConfigurationPlatforms) = preSolution
		Debug|Any CPU = Debug|Any CPU
		Debug|x64 = Debug|x64
		Debug|x86 = Debug|x86
		Release|Any CPU = Release|Any CPU
		Release|x64 = Release|x64
		Release|x86 = Release|x86
	EndGlobalSection
	GlobalSection(ProjectConfigurationPlatforms) = postSolution
		{F06B1921-75FA-4F45-9401-8A0F631DAA71}.Debug|Any CPU.ActiveCfg = Debug|x86
		{F06B1921-75FA-4F45-9401-8A0F631DAA71}.Debug|x64.ActiveCfg = Debug|x64
		{F06B1921-75FA-4F45-9401-8A0F631DAA71}.Debug|x64.Build.0 = Debug|x64
		{F06B1921-75FA-4F45-9401-8A0F631DAA71}.Debug|x86.ActiveCfg = Debug|x86
		{F06B1921-75FA-4F45-9401-8A0F631DAA71}.Debug|x86.Build.0 = Debug|x86
		{F06B1921-75FA-4F45-9401-8A0F631DAA71}.Release|Any CPU.ActiveCfg = Release|x86
		{F06B1921-75FA-4F45-9401-8A0F631DAA71}.Release|x64.ActiveCfg = Release|x64
		{F06B1921-75FA-4F45-9401-8A0F631DAA71}.Release|x64.Build.0 = Release|x64
		{F06B1921-75FA-4F45-9401-8A0F631DAA71}.Release|x86.ActiveCfg = Release|x86
		{F06B1921-75FA-4F45-9401-8A0F631DAA71}.Release|x86.Build.0 = Release|x86
		{90ABF435-3A18-4C5F-89A9-76DA14DB882E}.Debug|Any CPU.ActiveCfg = Debug|Any CPU
		{90ABF435-3A18-4C5F-89A9-76DA14DB882E}.Debug|Any CPU.Build.0 = Debug|Any CPU
		{90ABF435-3A18-4C5F-89A9-76DA14DB882E}.Debug|x64.ActiveCfg = Debug|Any CPU
		{90ABF435-3A18-4C5F-89A9-76DA14DB882E}.Debug|x64.Build.0 = Debug|Any CPU
		{90ABF435-3A18-4C5F-89A9-76DA14DB882E}.Debug|x86.ActiveCfg = Debug|Any CPU
		{90ABF435-3A18-4C5F-89A9-76DA14DB882E}.Debug|x86.Build.0 = Debug|Any CPU
		{90ABF435-3A18-4C5F-89A9-76DA14DB882E}.Release|Any CPU.ActiveCfg = Release|Any CPU
		{90ABF435-3A18-4C5F-89A9-76DA14DB882E}.Release|Any CPU.Build.0 = Release|Any CPU
		{90ABF435-3A18-4C5F-89A9-76DA14DB882E}.Release|x64.ActiveCfg = Release|Any CPU
		{90ABF435-3A18-4C5F-89A9-76DA14DB882E}.Release|x64.Build.0 = Release|Any CPU
		{90ABF435-3A18-4C5F-89A9-76DA14DB882E}.Release|x86.ActiveCfg = Release|Any CPU
		{90ABF435-3A18-4C5F-89A9-76DA14DB882E}.Release|x86.Build.0 = Release|Any CPU
	EndGlobalSection
	GlobalSection(SolutionProperties) = preSolution
		HideSolutionNode = FALSE
	EndGlobalSection
	GlobalSection(ExtensibilityGlobals) = postSolution
		SolutionGuid = {29CC07C5-BCFD-4DE7-B719-D36EFE3AE5A4}
	EndGlobalSection
EndGlobal
